
Microsoft Visual Studio Solution File, Format Version 12.00
# Visual Studio 15
VisualStudioVersion = 15.0.28307.645
MinimumVisualStudioVersion = 10.0.40219.1
Project("{FAE04EC0-301F-11D3-BF4B-00C04F79EFBC}") = "HenriPriceCalculator", "HenriPriceCalculator\HenriPriceCalculator.csproj", "{12343AA2-7D3C-482D-AB93-5627CD4A72F3}"
EndProject
Global
	GlobalSection(SolutionConfigurationPlatforms) = preSolution
		Debug|Any CPU = Debug|Any CPU
		Release|Any CPU = Release|Any CPU
	EndGlobalSection
	GlobalSection(ProjectConfigurationPlatforms) = postSolution
		{12343AA2-7D3C-482D-AB93-5627CD4A72F3}.Debug|Any CPU.ActiveCfg = Debug|Any CPU
		{12343AA2-7D3C-482D-AB93-5627CD4A72F3}.Debug|Any CPU.Build.0 = Debug|Any CPU
		{12343AA2-7D3C-482D-AB93-5627CD4A72F3}.Release|Any CPU.ActiveCfg = Release|Any CPU
		{12343AA2-7D3C-482D-AB93-5627CD4A72F3}.Release|Any CPU.Build.0 = Release|Any CPU
	EndGlobalSection
	GlobalSection(SolutionProperties) = preSolution
		HideSolutionNode = FALSE
	EndGlobalSection
	GlobalSection(ExtensibilityGlobals) = postSolution
		SolutionGuid = {E268D672-45E2-4A27-A9B9-BB6B2E453D13}
	EndGlobalSection
EndGlobal
